// !$*UTF8*$!
{
	archiveVersion = 1;
	classes = {
	};
	objectVersion = 46;
	objects = {

/* Begin PBXBuildFile section */
		1F0BC7EE9AC7328251AF0D9F /* Pods_Cloud_and_Camera.framework in Frameworks */ = {isa = PBXBuildFile; fileRef = 950298D98185AD79BF7DA169 /* Pods_Cloud_and_Camera.framework */; };
		AA6486161E7B1D0100665F98 /* Alamofire.framework in Frameworks */ = {isa = PBXBuildFile; fileRef = AA6486151E7B1D0100665F98 /* Alamofire.framework */; };
		AA852D6A1E79D31B004684F0 /* AppDelegate.swift in Sources */ = {isa = PBXBuildFile; fileRef = AA852D691E79D31B004684F0 /* AppDelegate.swift */; };
		AA852D6C1E79D31B004684F0 /* FirstViewController.swift in Sources */ = {isa = PBXBuildFile; fileRef = AA852D6B1E79D31B004684F0 /* FirstViewController.swift */; };
		AA852D6E1E79D31B004684F0 /* SecondViewController.swift in Sources */ = {isa = PBXBuildFile; fileRef = AA852D6D1E79D31B004684F0 /* SecondViewController.swift */; };
		AA852D711E79D31B004684F0 /* Main.storyboard in Resources */ = {isa = PBXBuildFile; fileRef = AA852D6F1E79D31B004684F0 /* Main.storyboard */; };
		AA852D731E79D31B004684F0 /* Assets.xcassets in Resources */ = {isa = PBXBuildFile; fileRef = AA852D721E79D31B004684F0 /* Assets.xcassets */; };
		AA852D761E79D31B004684F0 /* LaunchScreen.storyboard in Resources */ = {isa = PBXBuildFile; fileRef = AA852D741E79D31B004684F0 /* LaunchScreen.storyboard */; };
		AA852D7E1E79D590004684F0 /* ImageCollectionViewCell.swift in Sources */ = {isa = PBXBuildFile; fileRef = AA852D7D1E79D590004684F0 /* ImageCollectionViewCell.swift */; };
		AA852D821E7AE10F004684F0 /* GoogleService-Info.plist in Resources */ = {isa = PBXBuildFile; fileRef = AA852D811E7AE10F004684F0 /* GoogleService-Info.plist */; };
		AA852D841E7AF3D6004684F0 /* Photo.swift in Sources */ = {isa = PBXBuildFile; fileRef = AA852D831E7AF3D6004684F0 /* Photo.swift */; };
		AA852D861E7AF787004684F0 /* DAO.swift in Sources */ = {isa = PBXBuildFile; fileRef = AA852D851E7AF787004684F0 /* DAO.swift */; };
		FAB823CF1E81E0F2005CB36C /* DetailsViewController.swift in Sources */ = {isa = PBXBuildFile; fileRef = FAB823CD1E81E0F2005CB36C /* DetailsViewController.swift */; };
		FAB823D01E81E0F2005CB36C /* DetailsViewController.xib in Resources */ = {isa = PBXBuildFile; fileRef = FAB823CE1E81E0F2005CB36C /* DetailsViewController.xib */; };
/* End PBXBuildFile section */

/* Begin PBXFileReference section */
		141EC0C967150C373343C9C0 /* Pods-Cloud and Camera.debug.xcconfig */ = {isa = PBXFileReference; includeInIndex = 1; lastKnownFileType = text.xcconfig; name = "Pods-Cloud and Camera.debug.xcconfig"; path = "Pods/Target Support Files/Pods-Cloud and Camera/Pods-Cloud and Camera.debug.xcconfig"; sourceTree = "<group>"; };
		950298D98185AD79BF7DA169 /* Pods_Cloud_and_Camera.framework */ = {isa = PBXFileReference; explicitFileType = wrapper.framework; includeInIndex = 0; path = Pods_Cloud_and_Camera.framework; sourceTree = BUILT_PRODUCTS_DIR; };
		AA6486131E7B1ACC00665F98 /* Alamofire.framework */ = {isa = PBXFileReference; lastKnownFileType = wrapper.framework; name = Alamofire.framework; path = "Pods/../build/Release-iphoneos/Alamofire/Alamofire.framework"; sourceTree = "<group>"; };
		AA6486151E7B1D0100665F98 /* Alamofire.framework */ = {isa = PBXFileReference; lastKnownFileType = wrapper.framework; name = Alamofire.framework; path = "../../Library/Developer/Xcode/DerivedData/Cloud_and_Camera-dgmrxwygmabxatdqulswypygsapp/Build/Products/Debug-iphonesimulator/Alamofire/Alamofire.framework"; sourceTree = "<group>"; };
		AA852D661E79D31B004684F0 /* Cloud and Camera.app */ = {isa = PBXFileReference; explicitFileType = wrapper.application; includeInIndex = 0; path = "Cloud and Camera.app"; sourceTree = BUILT_PRODUCTS_DIR; };
		AA852D691E79D31B004684F0 /* AppDelegate.swift */ = {isa = PBXFileReference; lastKnownFileType = sourcecode.swift; path = AppDelegate.swift; sourceTree = "<group>"; };
		AA852D6B1E79D31B004684F0 /* FirstViewController.swift */ = {isa = PBXFileReference; lastKnownFileType = sourcecode.swift; path = FirstViewController.swift; sourceTree = "<group>"; };
		AA852D6D1E79D31B004684F0 /* SecondViewController.swift */ = {isa = PBXFileReference; lastKnownFileType = sourcecode.swift; path = SecondViewController.swift; sourceTree = "<group>"; };
		AA852D701E79D31B004684F0 /* Base */ = {isa = PBXFileReference; lastKnownFileType = file.storyboard; name = Base; path = Base.lproj/Main.storyboard; sourceTree = "<group>"; };
		AA852D721E79D31B004684F0 /* Assets.xcassets */ = {isa = PBXFileReference; lastKnownFileType = folder.assetcatalog; path = Assets.xcassets; sourceTree = "<group>"; };
		AA852D751E79D31B004684F0 /* Base */ = {isa = PBXFileReference; lastKnownFileType = file.storyboard; name = Base; path = Base.lproj/LaunchScreen.storyboard; sourceTree = "<group>"; };
		AA852D771E79D31B004684F0 /* Info.plist */ = {isa = PBXFileReference; lastKnownFileType = text.plist.xml; path = Info.plist; sourceTree = "<group>"; };
		AA852D7D1E79D590004684F0 /* ImageCollectionViewCell.swift */ = {isa = PBXFileReference; fileEncoding = 4; lastKnownFileType = sourcecode.swift; path = ImageCollectionViewCell.swift; sourceTree = "<group>"; };
		AA852D811E7AE10F004684F0 /* GoogleService-Info.plist */ = {isa = PBXFileReference; fileEncoding = 4; lastKnownFileType = text.plist.xml; path = "GoogleService-Info.plist"; sourceTree = "<group>"; };
		AA852D831E7AF3D6004684F0 /* Photo.swift */ = {isa = PBXFileReference; fileEncoding = 4; lastKnownFileType = sourcecode.swift; path = Photo.swift; sourceTree = "<group>"; };
		AA852D851E7AF787004684F0 /* DAO.swift */ = {isa = PBXFileReference; fileEncoding = 4; lastKnownFileType = sourcecode.swift; path = DAO.swift; sourceTree = "<group>"; };
		F0A1095262E41A98413EDA0D /* Pods-Cloud and Camera.release.xcconfig */ = {isa = PBXFileReference; includeInIndex = 1; lastKnownFileType = text.xcconfig; name = "Pods-Cloud and Camera.release.xcconfig"; path = "Pods/Target Support Files/Pods-Cloud and Camera/Pods-Cloud and Camera.release.xcconfig"; sourceTree = "<group>"; };
		FAB823CD1E81E0F2005CB36C /* DetailsViewController.swift */ = {isa = PBXFileReference; fileEncoding = 4; lastKnownFileType = sourcecode.swift; path = DetailsViewController.swift; sourceTree = "<group>"; };
		FAB823CE1E81E0F2005CB36C /* DetailsViewController.xib */ = {isa = PBXFileReference; fileEncoding = 4; lastKnownFileType = file.xib; path = DetailsViewController.xib; sourceTree = "<group>"; };
/* End PBXFileReference section */

/* Begin PBXFrameworksBuildPhase section */
		AA852D631E79D31B004684F0 /* Frameworks */ = {
			isa = PBXFrameworksBuildPhase;
			buildActionMask = 2147483647;
			files = (
				AA6486161E7B1D0100665F98 /* Alamofire.framework in Frameworks */,
				1F0BC7EE9AC7328251AF0D9F /* Pods_Cloud_and_Camera.framework in Frameworks */,
			);
			runOnlyForDeploymentPostprocessing = 0;
		};
/* End PBXFrameworksBuildPhase section */

/* Begin PBXGroup section */
		40FA4C0E3B56C82AA14EB4BE /* Frameworks */ = {
			isa = PBXGroup;
			children = (
				AA6486151E7B1D0100665F98 /* Alamofire.framework */,
				AA6486131E7B1ACC00665F98 /* Alamofire.framework */,
				950298D98185AD79BF7DA169 /* Pods_Cloud_and_Camera.framework */,
			);
			name = Frameworks;
			sourceTree = "<group>";
		};
		AA852D5D1E79D31B004684F0 = {
			isa = PBXGroup;
			children = (
				AA852D681E79D31B004684F0 /* Cloud and Camera */,
				AA852D671E79D31B004684F0 /* Products */,
				EB9EFE70A8EB9FC513705FBB /* Pods */,
				40FA4C0E3B56C82AA14EB4BE /* Frameworks */,
			);
			sourceTree = "<group>";
		};
		AA852D671E79D31B004684F0 /* Products */ = {
			isa = PBXGroup;
			children = (
				AA852D661E79D31B004684F0 /* Cloud and Camera.app */,
			);
			name = Products;
			sourceTree = "<group>";
		};
		AA852D681E79D31B004684F0 /* Cloud and Camera */ = {
			isa = PBXGroup;
			children = (
				AA852D691E79D31B004684F0 /* AppDelegate.swift */,
				AA852D6B1E79D31B004684F0 /* FirstViewController.swift */,
				AA852D6D1E79D31B004684F0 /* SecondViewController.swift */,
				AA852D851E7AF787004684F0 /* DAO.swift */,
				AA852D831E7AF3D6004684F0 /* Photo.swift */,
				AA852D7D1E79D590004684F0 /* ImageCollectionViewCell.swift */,
				AA852D6F1E79D31B004684F0 /* Main.storyboard */,
				FAB823CD1E81E0F2005CB36C /* DetailsViewController.swift */,
				FAB823CE1E81E0F2005CB36C /* DetailsViewController.xib */,
				AA852D721E79D31B004684F0 /* Assets.xcassets */,
				AA852D741E79D31B004684F0 /* LaunchScreen.storyboard */,
				AA852D771E79D31B004684F0 /* Info.plist */,
				AA852D811E7AE10F004684F0 /* GoogleService-Info.plist */,
			);
			path = "Cloud and Camera";
			sourceTree = "<group>";
		};
		EB9EFE70A8EB9FC513705FBB /* Pods */ = {
			isa = PBXGroup;
			children = (
				141EC0C967150C373343C9C0 /* Pods-Cloud and Camera.debug.xcconfig */,
				F0A1095262E41A98413EDA0D /* Pods-Cloud and Camera.release.xcconfig */,
			);
			name = Pods;
			sourceTree = "<group>";
		};
/* End PBXGroup section */

/* Begin PBXNativeTarget section */
		AA852D651E79D31B004684F0 /* Cloud and Camera */ = {
			isa = PBXNativeTarget;
			buildConfigurationList = AA852D7A1E79D31B004684F0 /* Build configuration list for PBXNativeTarget "Cloud and Camera" */;
			buildPhases = (
				DC3F4A6844D913B2E1D5BBE1 /* [CP] Check Pods Manifest.lock */,
				AA852D621E79D31B004684F0 /* Sources */,
				AA852D631E79D31B004684F0 /* Frameworks */,
				AA852D641E79D31B004684F0 /* Resources */,
				4AB2A9B8D7451D428B351CF2 /* [CP] Embed Pods Frameworks */,
				9DD93010E8927260A31858E4 /* [CP] Copy Pods Resources */,
			);
			buildRules = (
			);
			dependencies = (
			);
			name = "Cloud and Camera";
			productName = "Cloud and Camera";
			productReference = AA852D661E79D31B004684F0 /* Cloud and Camera.app */;
			productType = "com.apple.product-type.application";
		};
/* End PBXNativeTarget section */

/* Begin PBXProject section */
		AA852D5E1E79D31B004684F0 /* Project object */ = {
			isa = PBXProject;
			attributes = {
				LastSwiftUpdateCheck = 0820;
				LastUpgradeCheck = 0820;
				TargetAttributes = {
					AA852D651E79D31B004684F0 = {
						CreatedOnToolsVersion = 8.2.1;
						DevelopmentTeam = 7B2WPFR4VK;
						ProvisioningStyle = Automatic;
					};
				};
			};
			buildConfigurationList = AA852D611E79D31B004684F0 /* Build configuration list for PBXProject "Cloud and Camera" */;
			compatibilityVersion = "Xcode 3.2";
			developmentRegion = English;
			hasScannedForEncodings = 0;
			knownRegions = (
				en,
				Base,
			);
			mainGroup = AA852D5D1E79D31B004684F0;
			productRefGroup = AA852D671E79D31B004684F0 /* Products */;
			projectDirPath = "";
			projectRoot = "";
			targets = (
				AA852D651E79D31B004684F0 /* Cloud and Camera */,
			);
		};
/* End PBXProject section */

/* Begin PBXResourcesBuildPhase section */
		AA852D641E79D31B004684F0 /* Resources */ = {
			isa = PBXResourcesBuildPhase;
			buildActionMask = 2147483647;
			files = (
				AA852D761E79D31B004684F0 /* LaunchScreen.storyboard in Resources */,
				AA852D821E7AE10F004684F0 /* GoogleService-Info.plist in Resources */,
				FAB823D01E81E0F2005CB36C /* DetailsViewController.xib in Resources */,
				AA852D731E79D31B004684F0 /* Assets.xcassets in Resources */,
				AA852D711E79D31B004684F0 /* Main.storyboard in Resources */,
			);
			runOnlyForDeploymentPostprocessing = 0;
		};
/* End PBXResourcesBuildPhase section */

/* Begin PBXShellScriptBuildPhase section */
		4AB2A9B8D7451D428B351CF2 /* [CP] Embed Pods Frameworks */ = {
			isa = PBXShellScriptBuildPhase;
			buildActionMask = 2147483647;
			files = (
			);
			inputPaths = (
			);
			name = "[CP] Embed Pods Frameworks";
			outputPaths = (
			);
			runOnlyForDeploymentPostprocessing = 0;
			shellPath = /bin/sh;
			shellScript = "\"${SRCROOT}/Pods/Target Support Files/Pods-Cloud and Camera/Pods-Cloud and Camera-frameworks.sh\"\n";
			showEnvVarsInLog = 0;
		};
		9DD93010E8927260A31858E4 /* [CP] Copy Pods Resources */ = {
			isa = PBXShellScriptBuildPhase;
			buildActionMask = 2147483647;
			files = (
			);
			inputPaths = (
			);
			name = "[CP] Copy Pods Resources";
			outputPaths = (
			);
			runOnlyForDeploymentPostprocessing = 0;
			shellPath = /bin/sh;
			shellScript = "\"${SRCROOT}/Pods/Target Support Files/Pods-Cloud and Camera/Pods-Cloud and Camera-resources.sh\"\n";
			showEnvVarsInLog = 0;
		};
		DC3F4A6844D913B2E1D5BBE1 /* [CP] Check Pods Manifest.lock */ = {
			isa = PBXShellScriptBuildPhase;
			buildActionMask = 2147483647;
			files = (
			);
			inputPaths = (
			);
			name = "[CP] Check Pods Manifest.lock";
			outputPaths = (
			);
			runOnlyForDeploymentPostprocessing = 0;
			shellPath = /bin/sh;
			shellScript = "diff \"${PODS_ROOT}/../Podfile.lock\" \"${PODS_ROOT}/Manifest.lock\" > /dev/null\nif [ $? != 0 ] ; then\n    # print error to STDERR\n    echo \"error: The sandbox is not in sync with the Podfile.lock. Run 'pod install' or update your CocoaPods installation.\" >&2\n    exit 1\nfi\n";
			showEnvVarsInLog = 0;
		};
/* End PBXShellScriptBuildPhase section */

/* Begin PBXSourcesBuildPhase section */
		AA852D621E79D31B004684F0 /* Sources */ = {
			isa = PBXSourcesBuildPhase;
			buildActionMask = 2147483647;
			files = (
				AA852D861E7AF787004684F0 /* DAO.swift in Sources */,
				AA852D6E1E79D31B004684F0 /* SecondViewController.swift in Sources */,
				AA852D6A1E79D31B004684F0 /* AppDelegate.swift in Sources */,
				AA852D7E1E79D590004684F0 /* ImageCollectionViewCell.swift in Sources */,
				FAB823CF1E81E0F2005CB36C /* DetailsViewController.swift in Sources */,
				AA852D6C1E79D31B004684F0 /* FirstViewController.swift in Sources */,
				AA852D841E7AF3D6004684F0 /* Photo.swift in Sources */,
			);
			runOnlyForDeploymentPostprocessing = 0;
		};
/* End PBXSourcesBuildPhase section */

/* Begin PBXVariantGroup section */
		AA852D6F1E79D31B004684F0 /* Main.storyboard */ = {
			isa = PBXVariantGroup;
			children = (
				AA852D701E79D31B004684F0 /* Base */,
			);
			name = Main.storyboard;
			sourceTree = "<group>";
		};
		AA852D741E79D31B004684F0 /* LaunchScreen.storyboard */ = {
			isa = PBXVariantGroup;
			children = (
				AA852D751E79D31B004684F0 /* Base */,
			);
			name = LaunchScreen.storyboard;
			sourceTree = "<group>";
		};
/* End PBXVariantGroup section */

/* Begin XCBuildConfiguration section */
		AA852D781E79D31B004684F0 /* Debug */ = {
			isa = XCBuildConfiguration;
			buildSettings = {
				ALWAYS_SEARCH_USER_PATHS = NO;
				CLANG_ANALYZER_NONNULL = YES;
				CLANG_CXX_LANGUAGE_STANDARD = "gnu++0x";
				CLANG_CXX_LIBRARY = "libc++";
				CLANG_ENABLE_MODULES = YES;
				CLANG_ENABLE_OBJC_ARC = YES;
				CLANG_WARN_BOOL_CONVERSION = YES;
				CLANG_WARN_CONSTANT_CONVERSION = YES;
				CLANG_WARN_DIRECT_OBJC_ISA_USAGE = YES_ERROR;
				CLANG_WARN_DOCUMENTATION_COMMENTS = YES;
				CLANG_WARN_EMPTY_BODY = YES;
				CLANG_WARN_ENUM_CONVERSION = YES;
				CLANG_WARN_INFINITE_RECURSION = YES;
				CLANG_WARN_INT_CONVERSION = YES;
				CLANG_WARN_OBJC_ROOT_CLASS = YES_ERROR;
				CLANG_WARN_SUSPICIOUS_MOVE = YES;
				CLANG_WARN_UNREACHABLE_CODE = YES;
				CLANG_WARN__DUPLICATE_METHOD_MATCH = YES;
				"CODE_SIGN_IDENTITY[sdk=iphoneos*]" = "iPhone Developer";
				COPY_PHASE_STRIP = NO;
				DEBUG_INFORMATION_FORMAT = dwarf;
				ENABLE_STRICT_OBJC_MSGSEND = YES;
				ENABLE_TESTABILITY = YES;
				GCC_C_LANGUAGE_STANDARD = gnu99;
				GCC_DYNAMIC_NO_PIC = NO;
				GCC_NO_COMMON_BLOCKS = YES;
				GCC_OPTIMIZATION_LEVEL = 0;
				GCC_PREPROCESSOR_DEFINITIONS = (
					"DEBUG=1",
					"$(inherited)",
				);
				GCC_WARN_64_TO_32_BIT_CONVERSION = YES;
				GCC_WARN_ABOUT_RETURN_TYPE = YES_ERROR;
				GCC_WARN_UNDECLARED_SELECTOR = YES;
				GCC_WARN_UNINITIALIZED_AUTOS = YES_AGGRESSIVE;
				GCC_WARN_UNUSED_FUNCTION = YES;
				GCC_WARN_UNUSED_VARIABLE = YES;
				IPHONEOS_DEPLOYMENT_TARGET = 10.2;
				MTL_ENABLE_DEBUG_INFO = YES;
				ONLY_ACTIVE_ARCH = YES;
				SDKROOT = iphoneos;
				SWIFT_ACTIVE_COMPILATION_CONDITIONS = DEBUG;
				SWIFT_OPTIMIZATION_LEVEL = "-Onone";
				TARGETED_DEVICE_FAMILY = "1,2";
			};
			name = Debug;
		};
		AA852D791E79D31B004684F0 /* Release */ = {
			isa = XCBuildConfiguration;
			buildSettings = {
				ALWAYS_SEARCH_USER_PATHS = NO;
				CLANG_ANALYZER_NONNULL = YES;
				CLANG_CXX_LANGUAGE_STANDARD = "gnu++0x";
				CLANG_CXX_LIBRARY = "libc++";
				CLANG_ENABLE_MODULES = YES;
				CLANG_ENABLE_OBJC_ARC = YES;
				CLANG_WARN_BOOL_CONVERSION = YES;
				CLANG_WARN_CONSTANT_CONVERSION = YES;
				CLANG_WARN_DIRECT_OBJC_ISA_USAGE = YES_ERROR;
				CLANG_WARN_DOCUMENTATION_COMMENTS = YES;
				CLANG_WARN_EMPTY_BODY = YES;
				CLANG_WARN_ENUM_CONVERSION = YES;
				CLANG_WARN_INFINITE_RECURSION = YES;
				CLANG_WARN_INT_CONVERSION = YES;
				CLANG_WARN_OBJC_ROOT_CLASS = YES_ERROR;
				CLANG_WARN_SUSPICIOUS_MOVE = YES;
				CLANG_WARN_UNREACHABLE_CODE = YES;
				CLANG_WARN__DUPLICATE_METHOD_MATCH = YES;
				"CODE_SIGN_IDENTITY[sdk=iphoneos*]" = "iPhone Developer";
				COPY_PHASE_STRIP = NO;
				DEBUG_INFORMATION_FORMAT = "dwarf-with-dsym";
				ENABLE_NS_ASSERTIONS = NO;
				ENABLE_STRICT_OBJC_MSGSEND = YES;
				GCC_C_LANGUAGE_STANDARD = gnu99;
				GCC_NO_COMMON_BLOCKS = YES;
				GCC_WARN_64_TO_32_BIT_CONVERSION = YES;
				GCC_WARN_ABOUT_RETURN_TYPE = YES_ERROR;
				GCC_WARN_UNDECLARED_SELECTOR = YES;
				GCC_WARN_UNINITIALIZED_AUTOS = YES_AGGRESSIVE;
				GCC_WARN_UNUSED_FUNCTION = YES;
				GCC_WARN_UNUSED_VARIABLE = YES;
				IPHONEOS_DEPLOYMENT_TARGET = 10.2;
				MTL_ENABLE_DEBUG_INFO = NO;
				SDKROOT = iphoneos;
				SWIFT_OPTIMIZATION_LEVEL = "-Owholemodule";
				TARGETED_DEVICE_FAMILY = "1,2";
				VALIDATE_PRODUCT = YES;
			};
			name = Release;
		};
		AA852D7B1E79D31B004684F0 /* Debug */ = {
			isa = XCBuildConfiguration;
			baseConfigurationReference = 141EC0C967150C373343C9C0 /* Pods-Cloud and Camera.debug.xcconfig */;
			buildSettings = {
				ASSETCATALOG_COMPILER_APPICON_NAME = AppIcon;
				DEVELOPMENT_TEAM = 7B2WPFR4VK;
				FRAMEWORK_SEARCH_PATHS = (
					"$(inherited)",
					"$(PROJECT_DIR)/build/Release-iphoneos/Alamofire",
				);
				INFOPLIST_FILE = "Cloud and Camera/Info.plist";
				IPHONEOS_DEPLOYMENT_TARGET = 10.0;
				LD_RUNPATH_SEARCH_PATHS = "$(inherited) @executable_path/Frameworks";
				PRODUCT_BUNDLE_IDENTIFIER = "Meehan.Cloud-and-Camera";
				PRODUCT_NAME = "$(TARGET_NAME)";
				SWIFT_VERSION = 3.0;
			};
			name = Debug;
		};
		AA852D7C1E79D31B004684F0 /* Release */ = {
			isa = XCBuildConfiguration;
			baseConfigurationReference = F0A1095262E41A98413EDA0D /* Pods-Cloud and Camera.release.xcconfig */;
			buildSettings = {
				ASSETCATALOG_COMPILER_APPICON_NAME = AppIcon;
				DEVELOPMENT_TEAM = 7B2WPFR4VK;
				FRAMEWORK_SEARCH_PATHS = (
					"$(inherited)",
					"$(PROJECT_DIR)/build/Release-iphoneos/Alamofire",
				);
				INFOPLIST_FILE = "Cloud and Camera/Info.plist";
				IPHONEOS_DEPLOYMENT_TARGET = 10.0;
				LD_RUNPATH_SEARCH_PATHS = "$(inherited) @executable_path/Frameworks";
				PRODUCT_BUNDLE_IDENTIFIER = "Meehan.Cloud-and-Camera";
				PRODUCT_NAME = "$(TARGET_NAME)";
				SWIFT_VERSION = 3.0;
			};
			name = Release;
		};
/* End XCBuildConfiguration section */

/* Begin XCConfigurationList section */
		AA852D611E79D31B004684F0 /* Build configuration list for PBXProject "Cloud and Camera" */ = {
			isa = XCConfigurationList;
			buildConfigurations = (
				AA852D781E79D31B004684F0 /* Debug */,
				AA852D791E79D31B004684F0 /* Release */,
			);
			defaultConfigurationIsVisible = 0;
			defaultConfigurationName = Release;
		};
		AA852D7A1E79D31B004684F0 /* Build configuration list for PBXNativeTarget "Cloud and Camera" */ = {
			isa = XCConfigurationList;
			buildConfigurations = (
				AA852D7B1E79D31B004684F0 /* Debug */,
				AA852D7C1E79D31B004684F0 /* Release */,
			);
			defaultConfigurationIsVisible = 0;
			defaultConfigurationName = Release;
		};
/* End XCConfigurationList section */
	};
	rootObject = AA852D5E1E79D31B004684F0 /* Project object */;
}
